
Microsoft Visual Studio Solution File, Format Version 12.00
# Visual Studio Version 17
VisualStudioVersion = 17.2.32505.173
MinimumVisualStudioVersion = 10.0.40219.1
Project("{FAE04EC0-301F-11D3-BF4B-00C04F79EFBC}") = "activity2", "activity2\activity2.csproj", "{B1911047-4FEA-44A2-9125-459D7C65E161}"
EndProject
Global
	GlobalSection(SolutionConfigurationPlatforms) = preSolution
		Debug|Any CPU = Debug|Any CPU
		Release|Any CPU = Release|Any CPU
	EndGlobalSection
	GlobalSection(ProjectConfigurationPlatforms) = postSolution
		{B1911047-4FEA-44A2-9125-459D7C65E161}.Debug|Any CPU.ActiveCfg = Debug|Any CPU
		{B1911047-4FEA-44A2-9125-459D7C65E161}.Debug|Any CPU.Build.0 = Debug|Any CPU
		{B1911047-4FEA-44A2-9125-459D7C65E161}.Release|Any CPU.ActiveCfg = Release|Any CPU
		{B1911047-4FEA-44A2-9125-459D7C65E161}.Release|Any CPU.Build.0 = Release|Any CPU
	EndGlobalSection
	GlobalSection(SolutionProperties) = preSolution
		HideSolutionNode = FALSE
	EndGlobalSection
	GlobalSection(ExtensibilityGlobals) = postSolution
		SolutionGuid = {02FCBA3A-CB9D-4EA3-89C0-72EB1E8E0C8B}
	EndGlobalSection
EndGlobal
