
Microsoft Visual Studio Solution File, Format Version 12.00
# Visual Studio Version 17
VisualStudioVersion = 17.2.32505.173
MinimumVisualStudioVersion = 10.0.40219.1
Project("{FAE04EC0-301F-11D3-BF4B-00C04F79EFBC}") = "Activity3", "Activity3\Activity3.csproj", "{478E29C4-D824-4669-8C20-42A44205F08F}"
EndProject
Global
	GlobalSection(SolutionConfigurationPlatforms) = preSolution
		Debug|Any CPU = Debug|Any CPU
		Release|Any CPU = Release|Any CPU
	EndGlobalSection
	GlobalSection(ProjectConfigurationPlatforms) = postSolution
		{478E29C4-D824-4669-8C20-42A44205F08F}.Debug|Any CPU.ActiveCfg = Debug|Any CPU
		{478E29C4-D824-4669-8C20-42A44205F08F}.Debug|Any CPU.Build.0 = Debug|Any CPU
		{478E29C4-D824-4669-8C20-42A44205F08F}.Release|Any CPU.ActiveCfg = Release|Any CPU
		{478E29C4-D824-4669-8C20-42A44205F08F}.Release|Any CPU.Build.0 = Release|Any CPU
	EndGlobalSection
	GlobalSection(SolutionProperties) = preSolution
		HideSolutionNode = FALSE
	EndGlobalSection
	GlobalSection(ExtensibilityGlobals) = postSolution
		SolutionGuid = {7AD7FF7D-2C9E-493A-8D2E-2CA32E778AD5}
	EndGlobalSection
EndGlobal
